
Microsoft Visual Studio Solution File, Format Version 12.00
# Visual Studio Version 16
VisualStudioVersion = 16.0.31515.178
MinimumVisualStudioVersion = 10.0.40219.1
Project("{FAE04EC0-301F-11D3-BF4B-00C04F79EFBC}") = "Commodities Manager - Console", "Commodities Manager - Console\Commodities Manager - Console.csproj", "{1278AE63-B92E-4DDB-8463-DBFBE2FAC8B1}"
EndProject
Global
	GlobalSection(SolutionConfigurationPlatforms) = preSolution
		Debug|Any CPU = Debug|Any CPU
		Release|Any CPU = Release|Any CPU
	EndGlobalSection
	GlobalSection(ProjectConfigurationPlatforms) = postSolution
		{1278AE63-B92E-4DDB-8463-DBFBE2FAC8B1}.Debug|Any CPU.ActiveCfg = Debug|Any CPU
		{1278AE63-B92E-4DDB-8463-DBFBE2FAC8B1}.Debug|Any CPU.Build.0 = Debug|Any CPU
		{1278AE63-B92E-4DDB-8463-DBFBE2FAC8B1}.Release|Any CPU.ActiveCfg = Release|Any CPU
		{1278AE63-B92E-4DDB-8463-DBFBE2FAC8B1}.Release|Any CPU.Build.0 = Release|Any CPU
	EndGlobalSection
	GlobalSection(SolutionProperties) = preSolution
		HideSolutionNode = FALSE
	EndGlobalSection
	GlobalSection(ExtensibilityGlobals) = postSolution
		SolutionGuid = {2579A6CE-6E03-474C-A4CA-EB3F894B5F39}
	EndGlobalSection
EndGlobal
